
Microsoft Visual Studio Solution File, Format Version 12.00
# Visual Studio Version 17
VisualStudioVersion = 17.8.34525.116
MinimumVisualStudioVersion = 10.0.40219.1
Project("{FAE04EC0-301F-11D3-BF4B-00C04F79EFBC}") = "KlassideTuletamine", "KlassideTuletamine.csproj", "{655B05E3-1BF7-49B2-AC81-1F49B4924319}"
EndProject
Global
	GlobalSection(SolutionConfigurationPlatforms) = preSolution
		Debug|Any CPU = Debug|Any CPU
		Release|Any CPU = Release|Any CPU
	EndGlobalSection
	GlobalSection(ProjectConfigurationPlatforms) = postSolution
		{655B05E3-1BF7-49B2-AC81-1F49B4924319}.Debug|Any CPU.ActiveCfg = Debug|Any CPU
		{655B05E3-1BF7-49B2-AC81-1F49B4924319}.Debug|Any CPU.Build.0 = Debug|Any CPU
		{655B05E3-1BF7-49B2-AC81-1F49B4924319}.Release|Any CPU.ActiveCfg = Release|Any CPU
		{655B05E3-1BF7-49B2-AC81-1F49B4924319}.Release|Any CPU.Build.0 = Release|Any CPU
	EndGlobalSection
	GlobalSection(SolutionProperties) = preSolution
		HideSolutionNode = FALSE
	EndGlobalSection
	GlobalSection(ExtensibilityGlobals) = postSolution
		SolutionGuid = {4237CE94-0517-4B9E-B83B-4B9A6F4B7C6D}
	EndGlobalSection
EndGlobal
