
Microsoft Visual Studio Solution File, Format Version 12.00
# Visual Studio Version 17
VisualStudioVersion = 17.8.34525.116
MinimumVisualStudioVersion = 10.0.40219.1
Project("{C9674DCB-5085-4A16-B785-4C70DD1589BD}") = "FirstSSISProject", "FirstSSISProject.dtproj", "{C0070889-CE2E-49AF-8E88-756C1B95B3CA}"
EndProject
Global
	GlobalSection(SolutionConfigurationPlatforms) = preSolution
		Development|Default = Development|Default
	EndGlobalSection
	GlobalSection(ProjectConfigurationPlatforms) = postSolution
		{C0070889-CE2E-49AF-8E88-756C1B95B3CA}.Development|Default.ActiveCfg = Development
		{C0070889-CE2E-49AF-8E88-756C1B95B3CA}.Development|Default.Build.0 = Development
	EndGlobalSection
	GlobalSection(SolutionProperties) = preSolution
		HideSolutionNode = FALSE
	EndGlobalSection
	GlobalSection(ExtensibilityGlobals) = postSolution
		SolutionGuid = {B718F95F-896C-4B58-9882-D03A78D87AA1}
	EndGlobalSection
EndGlobal
