
Microsoft Visual Studio Solution File, Format Version 12.00
# Visual Studio Version 17
VisualStudioVersion = 17.8.34525.116
MinimumVisualStudioVersion = 10.0.40219.1
Project("{FAE04EC0-301F-11D3-BF4B-00C04F79EFBC}") = "Staatikud", "Staatikud.csproj", "{AA0C3349-035D-4DA0-9FF4-3701788A4F44}"
EndProject
Global
	GlobalSection(SolutionConfigurationPlatforms) = preSolution
		Debug|Any CPU = Debug|Any CPU
		Release|Any CPU = Release|Any CPU
	EndGlobalSection
	GlobalSection(ProjectConfigurationPlatforms) = postSolution
		{AA0C3349-035D-4DA0-9FF4-3701788A4F44}.Debug|Any CPU.ActiveCfg = Debug|Any CPU
		{AA0C3349-035D-4DA0-9FF4-3701788A4F44}.Debug|Any CPU.Build.0 = Debug|Any CPU
		{AA0C3349-035D-4DA0-9FF4-3701788A4F44}.Release|Any CPU.ActiveCfg = Release|Any CPU
		{AA0C3349-035D-4DA0-9FF4-3701788A4F44}.Release|Any CPU.Build.0 = Release|Any CPU
	EndGlobalSection
	GlobalSection(SolutionProperties) = preSolution
		HideSolutionNode = FALSE
	EndGlobalSection
	GlobalSection(ExtensibilityGlobals) = postSolution
		SolutionGuid = {22768941-A823-418E-9390-D04369CE5DB4}
	EndGlobalSection
EndGlobal
