
Microsoft Visual Studio Solution File, Format Version 12.00
# Visual Studio Version 17
VisualStudioVersion = 17.8.34525.116
MinimumVisualStudioVersion = 10.0.40219.1
Project("{FAE04EC0-301F-11D3-BF4B-00C04F79EFBC}") = "Kolmas", "Kolmas.csproj", "{A0E6E5C3-ABCE-433F-8B14-256143E03D6E}"
EndProject
Global
	GlobalSection(SolutionConfigurationPlatforms) = preSolution
		Debug|Any CPU = Debug|Any CPU
		Release|Any CPU = Release|Any CPU
	EndGlobalSection
	GlobalSection(ProjectConfigurationPlatforms) = postSolution
		{A0E6E5C3-ABCE-433F-8B14-256143E03D6E}.Debug|Any CPU.ActiveCfg = Debug|Any CPU
		{A0E6E5C3-ABCE-433F-8B14-256143E03D6E}.Debug|Any CPU.Build.0 = Debug|Any CPU
		{A0E6E5C3-ABCE-433F-8B14-256143E03D6E}.Release|Any CPU.ActiveCfg = Release|Any CPU
		{A0E6E5C3-ABCE-433F-8B14-256143E03D6E}.Release|Any CPU.Build.0 = Release|Any CPU
	EndGlobalSection
	GlobalSection(SolutionProperties) = preSolution
		HideSolutionNode = FALSE
	EndGlobalSection
	GlobalSection(ExtensibilityGlobals) = postSolution
		SolutionGuid = {AF99C597-F192-4F56-B546-1955D8575E57}
	EndGlobalSection
EndGlobal
