
Microsoft Visual Studio Solution File, Format Version 12.00
# Visual Studio Version 17
VisualStudioVersion = 17.8.34525.116
MinimumVisualStudioVersion = 10.0.40219.1
Project("{FAE04EC0-301F-11D3-BF4B-00C04F79EFBC}") = "DemoPildifailiga", "DemoPildifailiga.csproj", "{5FFF8637-3CCB-4DD3-AAD3-E1907FE92F72}"
EndProject
Global
	GlobalSection(SolutionConfigurationPlatforms) = preSolution
		Debug|Any CPU = Debug|Any CPU
		Release|Any CPU = Release|Any CPU
	EndGlobalSection
	GlobalSection(ProjectConfigurationPlatforms) = postSolution
		{5FFF8637-3CCB-4DD3-AAD3-E1907FE92F72}.Debug|Any CPU.ActiveCfg = Debug|Any CPU
		{5FFF8637-3CCB-4DD3-AAD3-E1907FE92F72}.Debug|Any CPU.Build.0 = Debug|Any CPU
		{5FFF8637-3CCB-4DD3-AAD3-E1907FE92F72}.Release|Any CPU.ActiveCfg = Release|Any CPU
		{5FFF8637-3CCB-4DD3-AAD3-E1907FE92F72}.Release|Any CPU.Build.0 = Release|Any CPU
	EndGlobalSection
	GlobalSection(SolutionProperties) = preSolution
		HideSolutionNode = FALSE
	EndGlobalSection
	GlobalSection(ExtensibilityGlobals) = postSolution
		SolutionGuid = {BDB5D6F9-365D-4413-A94E-2C305694C7BD}
	EndGlobalSection
EndGlobal
