
Microsoft Visual Studio Solution File, Format Version 12.00
# Visual Studio Version 17
VisualStudioVersion = 17.8.34525.116
MinimumVisualStudioVersion = 10.0.40219.1
Project("{FAE04EC0-301F-11D3-BF4B-00C04F79EFBC}") = "EsimeneVeeb", "EsimeneVeeb.csproj", "{C3B898C7-370A-4789-96B8-B6B5F4FB22BE}"
EndProject
Global
	GlobalSection(SolutionConfigurationPlatforms) = preSolution
		Debug|Any CPU = Debug|Any CPU
		Release|Any CPU = Release|Any CPU
	EndGlobalSection
	GlobalSection(ProjectConfigurationPlatforms) = postSolution
		{C3B898C7-370A-4789-96B8-B6B5F4FB22BE}.Debug|Any CPU.ActiveCfg = Debug|Any CPU
		{C3B898C7-370A-4789-96B8-B6B5F4FB22BE}.Debug|Any CPU.Build.0 = Debug|Any CPU
		{C3B898C7-370A-4789-96B8-B6B5F4FB22BE}.Release|Any CPU.ActiveCfg = Release|Any CPU
		{C3B898C7-370A-4789-96B8-B6B5F4FB22BE}.Release|Any CPU.Build.0 = Release|Any CPU
	EndGlobalSection
	GlobalSection(SolutionProperties) = preSolution
		HideSolutionNode = FALSE
	EndGlobalSection
	GlobalSection(ExtensibilityGlobals) = postSolution
		SolutionGuid = {4FC18D0C-5B1A-4EF6-8AC2-42F4BF72B201}
	EndGlobalSection
EndGlobal
