
Microsoft Visual Studio Solution File, Format Version 12.00
# Visual Studio Version 17
VisualStudioVersion = 17.8.34525.116
MinimumVisualStudioVersion = 10.0.40219.1
Project("{FAE04EC0-301F-11D3-BF4B-00C04F79EFBC}") = "VeelKlassidest", "VeelKlassidest.csproj", "{42836EA1-E2EC-4E1D-90A4-F9333B939B43}"
EndProject
Global
	GlobalSection(SolutionConfigurationPlatforms) = preSolution
		Debug|Any CPU = Debug|Any CPU
		Release|Any CPU = Release|Any CPU
	EndGlobalSection
	GlobalSection(ProjectConfigurationPlatforms) = postSolution
		{42836EA1-E2EC-4E1D-90A4-F9333B939B43}.Debug|Any CPU.ActiveCfg = Debug|Any CPU
		{42836EA1-E2EC-4E1D-90A4-F9333B939B43}.Debug|Any CPU.Build.0 = Debug|Any CPU
		{42836EA1-E2EC-4E1D-90A4-F9333B939B43}.Release|Any CPU.ActiveCfg = Release|Any CPU
		{42836EA1-E2EC-4E1D-90A4-F9333B939B43}.Release|Any CPU.Build.0 = Release|Any CPU
	EndGlobalSection
	GlobalSection(SolutionProperties) = preSolution
		HideSolutionNode = FALSE
	EndGlobalSection
	GlobalSection(ExtensibilityGlobals) = postSolution
		SolutionGuid = {F3A1C645-7B6B-433A-ACE6-6E2C4F1C8486}
	EndGlobalSection
EndGlobal
