
Microsoft Visual Studio Solution File, Format Version 12.00
# Visual Studio Version 17
VisualStudioVersion = 17.8.34525.116
MinimumVisualStudioVersion = 10.0.40219.1
Project("{FAE04EC0-301F-11D3-BF4B-00C04F79EFBC}") = "NatukeJsonist", "NatukeJsonist.csproj", "{788A3A00-D74B-4800-8721-88CF9DF4F127}"
EndProject
Global
	GlobalSection(SolutionConfigurationPlatforms) = preSolution
		Debug|Any CPU = Debug|Any CPU
		Release|Any CPU = Release|Any CPU
	EndGlobalSection
	GlobalSection(ProjectConfigurationPlatforms) = postSolution
		{788A3A00-D74B-4800-8721-88CF9DF4F127}.Debug|Any CPU.ActiveCfg = Debug|Any CPU
		{788A3A00-D74B-4800-8721-88CF9DF4F127}.Debug|Any CPU.Build.0 = Debug|Any CPU
		{788A3A00-D74B-4800-8721-88CF9DF4F127}.Release|Any CPU.ActiveCfg = Release|Any CPU
		{788A3A00-D74B-4800-8721-88CF9DF4F127}.Release|Any CPU.Build.0 = Release|Any CPU
	EndGlobalSection
	GlobalSection(SolutionProperties) = preSolution
		HideSolutionNode = FALSE
	EndGlobalSection
	GlobalSection(ExtensibilityGlobals) = postSolution
		SolutionGuid = {8FDCC0F1-07F0-4796-A5F2-63D4A12BD73D}
	EndGlobalSection
EndGlobal
