
Microsoft Visual Studio Solution File, Format Version 12.00
# Visual Studio Version 17
VisualStudioVersion = 17.8.34525.116
MinimumVisualStudioVersion = 10.0.40219.1
Project("{FAE04EC0-301F-11D3-BF4B-00C04F79EFBC}") = "CSVDemo", "CSVDemo.csproj", "{1EEE54F4-0A6D-4C2A-B387-989A7062881F}"
EndProject
Global
	GlobalSection(SolutionConfigurationPlatforms) = preSolution
		Debug|Any CPU = Debug|Any CPU
		Release|Any CPU = Release|Any CPU
	EndGlobalSection
	GlobalSection(ProjectConfigurationPlatforms) = postSolution
		{1EEE54F4-0A6D-4C2A-B387-989A7062881F}.Debug|Any CPU.ActiveCfg = Debug|Any CPU
		{1EEE54F4-0A6D-4C2A-B387-989A7062881F}.Debug|Any CPU.Build.0 = Debug|Any CPU
		{1EEE54F4-0A6D-4C2A-B387-989A7062881F}.Release|Any CPU.ActiveCfg = Release|Any CPU
		{1EEE54F4-0A6D-4C2A-B387-989A7062881F}.Release|Any CPU.Build.0 = Release|Any CPU
	EndGlobalSection
	GlobalSection(SolutionProperties) = preSolution
		HideSolutionNode = FALSE
	EndGlobalSection
	GlobalSection(ExtensibilityGlobals) = postSolution
		SolutionGuid = {342B966B-0522-48F0-BFB2-2460447B27BF}
	EndGlobalSection
EndGlobal
